
Microsoft Visual Studio Solution File, Format Version 12.00
# Visual Studio 15
Project("{FAE04EC0-301F-11D3-BF4B-00C04F79EFBC}") = "Assembly-CSharp", "Assembly-CSharp.csproj", "{EAE02B6E-4C67-64DE-007E-684C47FA450C}"
EndProject
Global
	GlobalSection(SolutionConfigurationPlatforms) = preSolution
		Debug|Any CPU = Debug|Any CPU
		Release|Any CPU = Release|Any CPU
	EndGlobalSection
	GlobalSection(ProjectConfigurationPlatforms) = postSolution
		{EAE02B6E-4C67-64DE-007E-684C47FA450C}.Debug|Any CPU.ActiveCfg = Debug|Any CPU
		{EAE02B6E-4C67-64DE-007E-684C47FA450C}.Debug|Any CPU.Build.0 = Debug|Any CPU
		{EAE02B6E-4C67-64DE-007E-684C47FA450C}.Release|Any CPU.ActiveCfg = Release|Any CPU
		{EAE02B6E-4C67-64DE-007E-684C47FA450C}.Release|Any CPU.Build.0 = Release|Any CPU
	EndGlobalSection
	GlobalSection(SolutionProperties) = preSolution
		HideSolutionNode = FALSE
	EndGlobalSection
EndGlobal
